
Microsoft Visual Studio Solution File, Format Version 12.00
# Visual Studio Version 17
VisualStudioVersion = 17.9.34723.18
MinimumVisualStudioVersion = 10.0.40219.1
Project("{9A19103F-16F7-4668-BE54-9A1E7A4F7556}") = "TinyInsights", "TinyInsights\TinyInsights.csproj", "{90759FEA-89BF-450C-9482-F28F8B1A4C60}"
EndProject
Project("{9A19103F-16F7-4668-BE54-9A1E7A4F7556}") = "TinyInsights.AppCenter", "TinyInsights.AppCenter\TinyInsights.AppCenter.csproj", "{6DE2817F-D4F5-4351-BD18-EAB43806DAAF}"
EndProject
Project("{2150E333-8FDC-42A3-9474-1A3956D46DE8}") = "Test", "Test", "{93EBF8A0-864F-47C4-AEF8-4085C5665BB0}"
EndProject
Project("{9A19103F-16F7-4668-BE54-9A1E7A4F7556}") = "TinyInsights.ApplicationInsights", "TinyInsights.ApplicationInsights\TinyInsights.ApplicationInsights.csproj", "{5710F2DF-0F90-433D-A24B-BDAA819ABFDB}"
EndProject
Project("{9A19103F-16F7-4668-BE54-9A1E7A4F7556}") = "TinyTestApp", "TinyTestApp\TinyTestApp.csproj", "{AC719C3D-D33E-41B1-AD13-DF04088038E0}"
EndProject
Global
	GlobalSection(SolutionConfigurationPlatforms) = preSolution
		Ad-Hoc|Any CPU = Ad-Hoc|Any CPU
		Ad-Hoc|ARM = Ad-Hoc|ARM
		Ad-Hoc|iPhone = Ad-Hoc|iPhone
		Ad-Hoc|iPhoneSimulator = Ad-Hoc|iPhoneSimulator
		Ad-Hoc|x64 = Ad-Hoc|x64
		Ad-Hoc|x86 = Ad-Hoc|x86
		AppStore|Any CPU = AppStore|Any CPU
		AppStore|ARM = AppStore|ARM
		AppStore|iPhone = AppStore|iPhone
		AppStore|iPhoneSimulator = AppStore|iPhoneSimulator
		AppStore|x64 = AppStore|x64
		AppStore|x86 = AppStore|x86
		Debug|Any CPU = Debug|Any CPU
		Debug|ARM = Debug|ARM
		Debug|iPhone = Debug|iPhone
		Debug|iPhoneSimulator = Debug|iPhoneSimulator
		Debug|x64 = Debug|x64
		Debug|x86 = Debug|x86
		Release|Any CPU = Release|Any CPU
		Release|ARM = Release|ARM
		Release|iPhone = Release|iPhone
		Release|iPhoneSimulator = Release|iPhoneSimulator
		Release|x64 = Release|x64
		Release|x86 = Release|x86
	EndGlobalSection
	GlobalSection(ProjectConfigurationPlatforms) = postSolution
		{90759FEA-89BF-450C-9482-F28F8B1A4C60}.Ad-Hoc|Any CPU.ActiveCfg = Release|Any CPU
		{90759FEA-89BF-450C-9482-F28F8B1A4C60}.Ad-Hoc|Any CPU.Build.0 = Release|Any CPU
		{90759FEA-89BF-450C-9482-F28F8B1A4C60}.Ad-Hoc|ARM.ActiveCfg = Release|Any CPU
		{90759FEA-89BF-450C-9482-F28F8B1A4C60}.Ad-Hoc|ARM.Build.0 = Release|Any CPU
		{90759FEA-89BF-450C-9482-F28F8B1A4C60}.Ad-Hoc|iPhone.ActiveCfg = Release|Any CPU
		{90759FEA-89BF-450C-9482-F28F8B1A4C60}.Ad-Hoc|iPhone.Build.0 = Release|Any CPU
		{90759FEA-89BF-450C-9482-F28F8B1A4C60}.Ad-Hoc|iPhoneSimulator.ActiveCfg = Release|Any CPU
		{90759FEA-89BF-450C-9482-F28F8B1A4C60}.Ad-Hoc|iPhoneSimulator.Build.0 = Release|Any CPU
		{90759FEA-89BF-450C-9482-F28F8B1A4C60}.Ad-Hoc|x64.ActiveCfg = Release|Any CPU
		{90759FEA-89BF-450C-9482-F28F8B1A4C60}.Ad-Hoc|x64.Build.0 = Release|Any CPU
		{90759FEA-89BF-450C-9482-F28F8B1A4C60}.Ad-Hoc|x86.ActiveCfg = Release|Any CPU
		{90759FEA-89BF-450C-9482-F28F8B1A4C60}.Ad-Hoc|x86.Build.0 = Release|Any CPU
		{90759FEA-89BF-450C-9482-F28F8B1A4C60}.AppStore|Any CPU.ActiveCfg = Release|Any CPU
		{90759FEA-89BF-450C-9482-F28F8B1A4C60}.AppStore|Any CPU.Build.0 = Release|Any CPU
		{90759FEA-89BF-450C-9482-F28F8B1A4C60}.AppStore|ARM.ActiveCfg = Release|Any CPU
		{90759FEA-89BF-450C-9482-F28F8B1A4C60}.AppStore|ARM.Build.0 = Release|Any CPU
		{90759FEA-89BF-450C-9482-F28F8B1A4C60}.AppStore|iPhone.ActiveCfg = Release|Any CPU
		{90759FEA-89BF-450C-9482-F28F8B1A4C60}.AppStore|iPhone.Build.0 = Release|Any CPU
		{90759FEA-89BF-450C-9482-F28F8B1A4C60}.AppStore|iPhoneSimulator.ActiveCfg = Release|Any CPU
		{90759FEA-89BF-450C-9482-F28F8B1A4C60}.AppStore|iPhoneSimulator.Build.0 = Release|Any CPU
		{90759FEA-89BF-450C-9482-F28F8B1A4C60}.AppStore|x64.ActiveCfg = Release|Any CPU
		{90759FEA-89BF-450C-9482-F28F8B1A4C60}.AppStore|x64.Build.0 = Release|Any CPU
		{90759FEA-89BF-450C-9482-F28F8B1A4C60}.AppStore|x86.ActiveCfg = Release|Any CPU
		{90759FEA-89BF-450C-9482-F28F8B1A4C60}.AppStore|x86.Build.0 = Release|Any CPU
		{90759FEA-89BF-450C-9482-F28F8B1A4C60}.Debug|Any CPU.ActiveCfg = Debug|Any CPU
		{90759FEA-89BF-450C-9482-F28F8B1A4C60}.Debug|Any CPU.Build.0 = Debug|Any CPU
		{90759FEA-89BF-450C-9482-F28F8B1A4C60}.Debug|ARM.ActiveCfg = Debug|Any CPU
		{90759FEA-89BF-450C-9482-F28F8B1A4C60}.Debug|ARM.Build.0 = Debug|Any CPU
		{90759FEA-89BF-450C-9482-F28F8B1A4C60}.Debug|iPhone.ActiveCfg = Debug|Any CPU
		{90759FEA-89BF-450C-9482-F28F8B1A4C60}.Debug|iPhone.Build.0 = Debug|Any CPU
		{90759FEA-89BF-450C-9482-F28F8B1A4C60}.Debug|iPhoneSimulator.ActiveCfg = Debug|Any CPU
		{90759FEA-89BF-450C-9482-F28F8B1A4C60}.Debug|iPhoneSimulator.Build.0 = Debug|Any CPU
		{90759FEA-89BF-450C-9482-F28F8B1A4C60}.Debug|x64.ActiveCfg = Debug|Any CPU
		{90759FEA-89BF-450C-9482-F28F8B1A4C60}.Debug|x64.Build.0 = Debug|Any CPU
		{90759FEA-89BF-450C-9482-F28F8B1A4C60}.Debug|x86.ActiveCfg = Debug|Any CPU
		{90759FEA-89BF-450C-9482-F28F8B1A4C60}.Debug|x86.Build.0 = Debug|Any CPU
		{90759FEA-89BF-450C-9482-F28F8B1A4C60}.Release|Any CPU.ActiveCfg = Release|Any CPU
		{90759FEA-89BF-450C-9482-F28F8B1A4C60}.Release|Any CPU.Build.0 = Release|Any CPU
		{90759FEA-89BF-450C-9482-F28F8B1A4C60}.Release|ARM.ActiveCfg = Release|Any CPU
		{90759FEA-89BF-450C-9482-F28F8B1A4C60}.Release|ARM.Build.0 = Release|Any CPU
		{90759FEA-89BF-450C-9482-F28F8B1A4C60}.Release|iPhone.ActiveCfg = Release|Any CPU
		{90759FEA-89BF-450C-9482-F28F8B1A4C60}.Release|iPhone.Build.0 = Release|Any CPU
		{90759FEA-89BF-450C-9482-F28F8B1A4C60}.Release|iPhoneSimulator.ActiveCfg = Release|Any CPU
		{90759FEA-89BF-450C-9482-F28F8B1A4C60}.Release|iPhoneSimulator.Build.0 = Release|Any CPU
		{90759FEA-89BF-450C-9482-F28F8B1A4C60}.Release|x64.ActiveCfg = Release|Any CPU
		{90759FEA-89BF-450C-9482-F28F8B1A4C60}.Release|x64.Build.0 = Release|Any CPU
		{90759FEA-89BF-450C-9482-F28F8B1A4C60}.Release|x86.ActiveCfg = Release|Any CPU
		{90759FEA-89BF-450C-9482-F28F8B1A4C60}.Release|x86.Build.0 = Release|Any CPU
		{6DE2817F-D4F5-4351-BD18-EAB43806DAAF}.Ad-Hoc|Any CPU.ActiveCfg = Release|Any CPU
		{6DE2817F-D4F5-4351-BD18-EAB43806DAAF}.Ad-Hoc|Any CPU.Build.0 = Release|Any CPU
		{6DE2817F-D4F5-4351-BD18-EAB43806DAAF}.Ad-Hoc|ARM.ActiveCfg = Release|Any CPU
		{6DE2817F-D4F5-4351-BD18-EAB43806DAAF}.Ad-Hoc|ARM.Build.0 = Release|Any CPU
		{6DE2817F-D4F5-4351-BD18-EAB43806DAAF}.Ad-Hoc|iPhone.ActiveCfg = Release|Any CPU
		{6DE2817F-D4F5-4351-BD18-EAB43806DAAF}.Ad-Hoc|iPhone.Build.0 = Release|Any CPU
		{6DE2817F-D4F5-4351-BD18-EAB43806DAAF}.Ad-Hoc|iPhoneSimulator.ActiveCfg = Release|Any CPU
		{6DE2817F-D4F5-4351-BD18-EAB43806DAAF}.Ad-Hoc|iPhoneSimulator.Build.0 = Release|Any CPU
		{6DE2817F-D4F5-4351-BD18-EAB43806DAAF}.Ad-Hoc|x64.ActiveCfg = Release|Any CPU
		{6DE2817F-D4F5-4351-BD18-EAB43806DAAF}.Ad-Hoc|x64.Build.0 = Release|Any CPU
		{6DE2817F-D4F5-4351-BD18-EAB43806DAAF}.Ad-Hoc|x86.ActiveCfg = Release|Any CPU
		{6DE2817F-D4F5-4351-BD18-EAB43806DAAF}.Ad-Hoc|x86.Build.0 = Release|Any CPU
		{6DE2817F-D4F5-4351-BD18-EAB43806DAAF}.AppStore|Any CPU.ActiveCfg = Release|Any CPU
		{6DE2817F-D4F5-4351-BD18-EAB43806DAAF}.AppStore|Any CPU.Build.0 = Release|Any CPU
		{6DE2817F-D4F5-4351-BD18-EAB43806DAAF}.AppStore|ARM.ActiveCfg = Release|Any CPU
		{6DE2817F-D4F5-4351-BD18-EAB43806DAAF}.AppStore|ARM.Build.0 = Release|Any CPU
		{6DE2817F-D4F5-4351-BD18-EAB43806DAAF}.AppStore|iPhone.ActiveCfg = Release|Any CPU
		{6DE2817F-D4F5-4351-BD18-EAB43806DAAF}.AppStore|iPhone.Build.0 = Release|Any CPU
		{6DE2817F-D4F5-4351-BD18-EAB43806DAAF}.AppStore|iPhoneSimulator.ActiveCfg = Release|Any CPU
		{6DE2817F-D4F5-4351-BD18-EAB43806DAAF}.AppStore|iPhoneSimulator.Build.0 = Release|Any CPU
		{6DE2817F-D4F5-4351-BD18-EAB43806DAAF}.AppStore|x64.ActiveCfg = Release|Any CPU
		{6DE2817F-D4F5-4351-BD18-EAB43806DAAF}.AppStore|x64.Build.0 = Release|Any CPU
		{6DE2817F-D4F5-4351-BD18-EAB43806DAAF}.AppStore|x86.ActiveCfg = Release|Any CPU
		{6DE2817F-D4F5-4351-BD18-EAB43806DAAF}.AppStore|x86.Build.0 = Release|Any CPU
		{6DE2817F-D4F5-4351-BD18-EAB43806DAAF}.Debug|Any CPU.ActiveCfg = Debug|Any CPU
		{6DE2817F-D4F5-4351-BD18-EAB43806DAAF}.Debug|Any CPU.Build.0 = Debug|Any CPU
		{6DE2817F-D4F5-4351-BD18-EAB43806DAAF}.Debug|ARM.ActiveCfg = Debug|Any CPU
		{6DE2817F-D4F5-4351-BD18-EAB43806DAAF}.Debug|ARM.Build.0 = Debug|Any CPU
		{6DE2817F-D4F5-4351-BD18-EAB43806DAAF}.Debug|iPhone.ActiveCfg = Debug|Any CPU
		{6DE2817F-D4F5-4351-BD18-EAB43806DAAF}.Debug|iPhone.Build.0 = Debug|Any CPU
		{6DE2817F-D4F5-4351-BD18-EAB43806DAAF}.Debug|iPhoneSimulator.ActiveCfg = Debug|Any CPU
		{6DE2817F-D4F5-4351-BD18-EAB43806DAAF}.Debug|iPhoneSimulator.Build.0 = Debug|Any CPU
		{6DE2817F-D4F5-4351-BD18-EAB43806DAAF}.Debug|x64.ActiveCfg = Debug|Any CPU
		{6DE2817F-D4F5-4351-BD18-EAB43806DAAF}.Debug|x64.Build.0 = Debug|Any CPU
		{6DE2817F-D4F5-4351-BD18-EAB43806DAAF}.Debug|x86.ActiveCfg = Debug|Any CPU
		{6DE2817F-D4F5-4351-BD18-EAB43806DAAF}.Debug|x86.Build.0 = Debug|Any CPU
		{6DE2817F-D4F5-4351-BD18-EAB43806DAAF}.Release|Any CPU.ActiveCfg = Release|Any CPU
		{6DE2817F-D4F5-4351-BD18-EAB43806DAAF}.Release|Any CPU.Build.0 = Release|Any CPU
		{6DE2817F-D4F5-4351-BD18-EAB43806DAAF}.Release|ARM.ActiveCfg = Release|Any CPU
		{6DE2817F-D4F5-4351-BD18-EAB43806DAAF}.Release|ARM.Build.0 = Release|Any CPU
		{6DE2817F-D4F5-4351-BD18-EAB43806DAAF}.Release|iPhone.ActiveCfg = Release|Any CPU
		{6DE2817F-D4F5-4351-BD18-EAB43806DAAF}.Release|iPhone.Build.0 = Release|Any CPU
		{6DE2817F-D4F5-4351-BD18-EAB43806DAAF}.Release|iPhoneSimulator.ActiveCfg = Release|Any CPU
		{6DE2817F-D4F5-4351-BD18-EAB43806DAAF}.Release|iPhoneSimulator.Build.0 = Release|Any CPU
		{6DE2817F-D4F5-4351-BD18-EAB43806DAAF}.Release|x64.ActiveCfg = Release|Any CPU
		{6DE2817F-D4F5-4351-BD18-EAB43806DAAF}.Release|x64.Build.0 = Release|Any CPU
		{6DE2817F-D4F5-4351-BD18-EAB43806DAAF}.Release|x86.ActiveCfg = Release|Any CPU
		{6DE2817F-D4F5-4351-BD18-EAB43806DAAF}.Release|x86.Build.0 = Release|Any CPU
		{5710F2DF-0F90-433D-A24B-BDAA819ABFDB}.Ad-Hoc|Any CPU.ActiveCfg = Debug|Any CPU
		{5710F2DF-0F90-433D-A24B-BDAA819ABFDB}.Ad-Hoc|Any CPU.Build.0 = Debug|Any CPU
		{5710F2DF-0F90-433D-A24B-BDAA819ABFDB}.Ad-Hoc|ARM.ActiveCfg = Debug|Any CPU
		{5710F2DF-0F90-433D-A24B-BDAA819ABFDB}.Ad-Hoc|ARM.Build.0 = Debug|Any CPU
		{5710F2DF-0F90-433D-A24B-BDAA819ABFDB}.Ad-Hoc|iPhone.ActiveCfg = Debug|Any CPU
		{5710F2DF-0F90-433D-A24B-BDAA819ABFDB}.Ad-Hoc|iPhone.Build.0 = Debug|Any CPU
		{5710F2DF-0F90-433D-A24B-BDAA819ABFDB}.Ad-Hoc|iPhoneSimulator.ActiveCfg = Debug|Any CPU
		{5710F2DF-0F90-433D-A24B-BDAA819ABFDB}.Ad-Hoc|iPhoneSimulator.Build.0 = Debug|Any CPU
		{5710F2DF-0F90-433D-A24B-BDAA819ABFDB}.Ad-Hoc|x64.ActiveCfg = Debug|Any CPU
		{5710F2DF-0F90-433D-A24B-BDAA819ABFDB}.Ad-Hoc|x64.Build.0 = Debug|Any CPU
		{5710F2DF-0F90-433D-A24B-BDAA819ABFDB}.Ad-Hoc|x86.ActiveCfg = Debug|Any CPU
		{5710F2DF-0F90-433D-A24B-BDAA819ABFDB}.Ad-Hoc|x86.Build.0 = Debug|Any CPU
		{5710F2DF-0F90-433D-A24B-BDAA819ABFDB}.AppStore|Any CPU.ActiveCfg = Debug|Any CPU
		{5710F2DF-0F90-433D-A24B-BDAA819ABFDB}.AppStore|Any CPU.Build.0 = Debug|Any CPU
		{5710F2DF-0F90-433D-A24B-BDAA819ABFDB}.AppStore|ARM.ActiveCfg = Debug|Any CPU
		{5710F2DF-0F90-433D-A24B-BDAA819ABFDB}.AppStore|ARM.Build.0 = Debug|Any CPU
		{5710F2DF-0F90-433D-A24B-BDAA819ABFDB}.AppStore|iPhone.ActiveCfg = Debug|Any CPU
		{5710F2DF-0F90-433D-A24B-BDAA819ABFDB}.AppStore|iPhone.Build.0 = Debug|Any CPU
		{5710F2DF-0F90-433D-A24B-BDAA819ABFDB}.AppStore|iPhoneSimulator.ActiveCfg = Debug|Any CPU
		{5710F2DF-0F90-433D-A24B-BDAA819ABFDB}.AppStore|iPhoneSimulator.Build.0 = Debug|Any CPU
		{5710F2DF-0F90-433D-A24B-BDAA819ABFDB}.AppStore|x64.ActiveCfg = Debug|Any CPU
		{5710F2DF-0F90-433D-A24B-BDAA819ABFDB}.AppStore|x64.Build.0 = Debug|Any CPU
		{5710F2DF-0F90-433D-A24B-BDAA819ABFDB}.AppStore|x86.ActiveCfg = Debug|Any CPU
		{5710F2DF-0F90-433D-A24B-BDAA819ABFDB}.AppStore|x86.Build.0 = Debug|Any CPU
		{5710F2DF-0F90-433D-A24B-BDAA819ABFDB}.Debug|Any CPU.ActiveCfg = Debug|Any CPU
		{5710F2DF-0F90-433D-A24B-BDAA819ABFDB}.Debug|Any CPU.Build.0 = Debug|Any CPU
		{5710F2DF-0F90-433D-A24B-BDAA819ABFDB}.Debug|ARM.ActiveCfg = Debug|Any CPU
		{5710F2DF-0F90-433D-A24B-BDAA819ABFDB}.Debug|ARM.Build.0 = Debug|Any CPU
		{5710F2DF-0F90-433D-A24B-BDAA819ABFDB}.Debug|iPhone.ActiveCfg = Debug|Any CPU
		{5710F2DF-0F90-433D-A24B-BDAA819ABFDB}.Debug|iPhone.Build.0 = Debug|Any CPU
		{5710F2DF-0F90-433D-A24B-BDAA819ABFDB}.Debug|iPhoneSimulator.ActiveCfg = Debug|Any CPU
		{5710F2DF-0F90-433D-A24B-BDAA819ABFDB}.Debug|iPhoneSimulator.Build.0 = Debug|Any CPU
		{5710F2DF-0F90-433D-A24B-BDAA819ABFDB}.Debug|x64.ActiveCfg = Debug|Any CPU
		{5710F2DF-0F90-433D-A24B-BDAA819ABFDB}.Debug|x64.Build.0 = Debug|Any CPU
		{5710F2DF-0F90-433D-A24B-BDAA819ABFDB}.Debug|x86.ActiveCfg = Debug|Any CPU
		{5710F2DF-0F90-433D-A24B-BDAA819ABFDB}.Debug|x86.Build.0 = Debug|Any CPU
		{5710F2DF-0F90-433D-A24B-BDAA819ABFDB}.Release|Any CPU.ActiveCfg = Release|Any CPU
		{5710F2DF-0F90-433D-A24B-BDAA819ABFDB}.Release|Any CPU.Build.0 = Release|Any CPU
		{5710F2DF-0F90-433D-A24B-BDAA819ABFDB}.Release|ARM.ActiveCfg = Release|Any CPU
		{5710F2DF-0F90-433D-A24B-BDAA819ABFDB}.Release|ARM.Build.0 = Release|Any CPU
		{5710F2DF-0F90-433D-A24B-BDAA819ABFDB}.Release|iPhone.ActiveCfg = Release|Any CPU
		{5710F2DF-0F90-433D-A24B-BDAA819ABFDB}.Release|iPhone.Build.0 = Release|Any CPU
		{5710F2DF-0F90-433D-A24B-BDAA819ABFDB}.Release|iPhoneSimulator.ActiveCfg = Release|Any CPU
		{5710F2DF-0F90-433D-A24B-BDAA819ABFDB}.Release|iPhoneSimulator.Build.0 = Release|Any CPU
		{5710F2DF-0F90-433D-A24B-BDAA819ABFDB}.Release|x64.ActiveCfg = Release|Any CPU
		{5710F2DF-0F90-433D-A24B-BDAA819ABFDB}.Release|x64.Build.0 = Release|Any CPU
		{5710F2DF-0F90-433D-A24B-BDAA819ABFDB}.Release|x86.ActiveCfg = Release|Any CPU
		{5710F2DF-0F90-433D-A24B-BDAA819ABFDB}.Release|x86.Build.0 = Release|Any CPU
		{AC719C3D-D33E-41B1-AD13-DF04088038E0}.Ad-Hoc|Any CPU.ActiveCfg = Debug|Any CPU
		{AC719C3D-D33E-41B1-AD13-DF04088038E0}.Ad-Hoc|Any CPU.Build.0 = Debug|Any CPU
		{AC719C3D-D33E-41B1-AD13-DF04088038E0}.Ad-Hoc|ARM.ActiveCfg = Debug|Any CPU
		{AC719C3D-D33E-41B1-AD13-DF04088038E0}.Ad-Hoc|ARM.Build.0 = Debug|Any CPU
		{AC719C3D-D33E-41B1-AD13-DF04088038E0}.Ad-Hoc|iPhone.ActiveCfg = Debug|Any CPU
		{AC719C3D-D33E-41B1-AD13-DF04088038E0}.Ad-Hoc|iPhone.Build.0 = Debug|Any CPU
		{AC719C3D-D33E-41B1-AD13-DF04088038E0}.Ad-Hoc|iPhoneSimulator.ActiveCfg = Debug|Any CPU
		{AC719C3D-D33E-41B1-AD13-DF04088038E0}.Ad-Hoc|iPhoneSimulator.Build.0 = Debug|Any CPU
		{AC719C3D-D33E-41B1-AD13-DF04088038E0}.Ad-Hoc|x64.ActiveCfg = Debug|Any CPU
		{AC719C3D-D33E-41B1-AD13-DF04088038E0}.Ad-Hoc|x64.Build.0 = Debug|Any CPU
		{AC719C3D-D33E-41B1-AD13-DF04088038E0}.Ad-Hoc|x86.ActiveCfg = Debug|Any CPU
		{AC719C3D-D33E-41B1-AD13-DF04088038E0}.Ad-Hoc|x86.Build.0 = Debug|Any CPU
		{AC719C3D-D33E-41B1-AD13-DF04088038E0}.AppStore|Any CPU.ActiveCfg = Debug|Any CPU
		{AC719C3D-D33E-41B1-AD13-DF04088038E0}.AppStore|Any CPU.Build.0 = Debug|Any CPU
		{AC719C3D-D33E-41B1-AD13-DF04088038E0}.AppStore|ARM.ActiveCfg = Debug|Any CPU
		{AC719C3D-D33E-41B1-AD13-DF04088038E0}.AppStore|ARM.Build.0 = Debug|Any CPU
		{AC719C3D-D33E-41B1-AD13-DF04088038E0}.AppStore|iPhone.ActiveCfg = Debug|Any CPU
		{AC719C3D-D33E-41B1-AD13-DF04088038E0}.AppStore|iPhone.Build.0 = Debug|Any CPU
		{AC719C3D-D33E-41B1-AD13-DF04088038E0}.AppStore|iPhoneSimulator.ActiveCfg = Debug|Any CPU
		{AC719C3D-D33E-41B1-AD13-DF04088038E0}.AppStore|iPhoneSimulator.Build.0 = Debug|Any CPU
		{AC719C3D-D33E-41B1-AD13-DF04088038E0}.AppStore|x64.ActiveCfg = Debug|Any CPU
		{AC719C3D-D33E-41B1-AD13-DF04088038E0}.AppStore|x64.Build.0 = Debug|Any CPU
		{AC719C3D-D33E-41B1-AD13-DF04088038E0}.AppStore|x86.ActiveCfg = Debug|Any CPU
		{AC719C3D-D33E-41B1-AD13-DF04088038E0}.AppStore|x86.Build.0 = Debug|Any CPU
		{AC719C3D-D33E-41B1-AD13-DF04088038E0}.Debug|Any CPU.ActiveCfg = Debug|Any CPU
		{AC719C3D-D33E-41B1-AD13-DF04088038E0}.Debug|Any CPU.Build.0 = Debug|Any CPU
		{AC719C3D-D33E-41B1-AD13-DF04088038E0}.Debug|Any CPU.Deploy.0 = Debug|Any CPU
		{AC719C3D-D33E-41B1-AD13-DF04088038E0}.Debug|ARM.ActiveCfg = Debug|Any CPU
		{AC719C3D-D33E-41B1-AD13-DF04088038E0}.Debug|ARM.Build.0 = Debug|Any CPU
		{AC719C3D-D33E-41B1-AD13-DF04088038E0}.Debug|iPhone.ActiveCfg = Debug|Any CPU
		{AC719C3D-D33E-41B1-AD13-DF04088038E0}.Debug|iPhone.Build.0 = Debug|Any CPU
		{AC719C3D-D33E-41B1-AD13-DF04088038E0}.Debug|iPhoneSimulator.ActiveCfg = Debug|Any CPU
		{AC719C3D-D33E-41B1-AD13-DF04088038E0}.Debug|iPhoneSimulator.Build.0 = Debug|Any CPU
		{AC719C3D-D33E-41B1-AD13-DF04088038E0}.Debug|x64.ActiveCfg = Debug|Any CPU
		{AC719C3D-D33E-41B1-AD13-DF04088038E0}.Debug|x64.Build.0 = Debug|Any CPU
		{AC719C3D-D33E-41B1-AD13-DF04088038E0}.Debug|x86.ActiveCfg = Debug|Any CPU
		{AC719C3D-D33E-41B1-AD13-DF04088038E0}.Debug|x86.Build.0 = Debug|Any CPU
		{AC719C3D-D33E-41B1-AD13-DF04088038E0}.Release|Any CPU.ActiveCfg = Release|Any CPU
		{AC719C3D-D33E-41B1-AD13-DF04088038E0}.Release|Any CPU.Build.0 = Release|Any CPU
		{AC719C3D-D33E-41B1-AD13-DF04088038E0}.Release|ARM.ActiveCfg = Release|Any CPU
		{AC719C3D-D33E-41B1-AD13-DF04088038E0}.Release|ARM.Build.0 = Release|Any CPU
		{AC719C3D-D33E-41B1-AD13-DF04088038E0}.Release|iPhone.ActiveCfg = Release|Any CPU
		{AC719C3D-D33E-41B1-AD13-DF04088038E0}.Release|iPhone.Build.0 = Release|Any CPU
		{AC719C3D-D33E-41B1-AD13-DF04088038E0}.Release|iPhoneSimulator.ActiveCfg = Release|Any CPU
		{AC719C3D-D33E-41B1-AD13-DF04088038E0}.Release|iPhoneSimulator.Build.0 = Release|Any CPU
		{AC719C3D-D33E-41B1-AD13-DF04088038E0}.Release|x64.ActiveCfg = Release|Any CPU
		{AC719C3D-D33E-41B1-AD13-DF04088038E0}.Release|x64.Build.0 = Release|Any CPU
		{AC719C3D-D33E-41B1-AD13-DF04088038E0}.Release|x86.ActiveCfg = Release|Any CPU
		{AC719C3D-D33E-41B1-AD13-DF04088038E0}.Release|x86.Build.0 = Release|Any CPU
	EndGlobalSection
	GlobalSection(SolutionProperties) = preSolution
		HideSolutionNode = FALSE
	EndGlobalSection
	GlobalSection(NestedProjects) = preSolution
		{AC719C3D-D33E-41B1-AD13-DF04088038E0} = {93EBF8A0-864F-47C4-AEF8-4085C5665BB0}
	EndGlobalSection
	GlobalSection(ExtensibilityGlobals) = postSolution
		SolutionGuid = {1AE56C98-B133-41D9-9BE0-4C5521F392C5}
	EndGlobalSection
EndGlobal
